
Microsoft Visual Studio Solution File, Format Version 12.00
# Visual Studio Version 17
VisualStudioVersion = 17.4.33213.308
MinimumVisualStudioVersion = 10.0.40219.1
Project("{FAE04EC0-301F-11D3-BF4B-00C04F79EFBC}") = "DungeonGame", "DungeonGame\DungeonGame.csproj", "{403CB89D-CE13-4BC0-8709-F3AFB5F7104C}"
EndProject
Global
	GlobalSection(SolutionConfigurationPlatforms) = preSolution
		Debug|Any CPU = Debug|Any CPU
		Release|Any CPU = Release|Any CPU
	EndGlobalSection
	GlobalSection(ProjectConfigurationPlatforms) = postSolution
		{403CB89D-CE13-4BC0-8709-F3AFB5F7104C}.Debug|Any CPU.ActiveCfg = Debug|Any CPU
		{403CB89D-CE13-4BC0-8709-F3AFB5F7104C}.Debug|Any CPU.Build.0 = Debug|Any CPU
		{403CB89D-CE13-4BC0-8709-F3AFB5F7104C}.Release|Any CPU.ActiveCfg = Release|Any CPU
		{403CB89D-CE13-4BC0-8709-F3AFB5F7104C}.Release|Any CPU.Build.0 = Release|Any CPU
	EndGlobalSection
	GlobalSection(SolutionProperties) = preSolution
		HideSolutionNode = FALSE
	EndGlobalSection
	GlobalSection(ExtensibilityGlobals) = postSolution
		SolutionGuid = {2F82BCA8-8D70-47EE-A461-57C32EA428C0}
	EndGlobalSection
EndGlobal
